// !$*UTF8*$!
{
	archiveVersion = 1;
	classes = {
	};
	objectVersion = 46;
	objects = {

/* Begin PBXBuildFile section */
		6FF2434A212EC0759598A0D6 /* Pods_Flicks.framework in Frameworks */ = {isa = PBXBuildFile; fileRef = E87A5D47E3397933E2316FDC /* Pods_Flicks.framework */; };
		8587B8B31DB485430078161A /* MovieBriefCollectionViewCell.swift in Sources */ = {isa = PBXBuildFile; fileRef = 8587B8B11DB485430078161A /* MovieBriefCollectionViewCell.swift */; };
		8587B8B41DB485430078161A /* MovieBriefCollectionViewCell.xib in Resources */ = {isa = PBXBuildFile; fileRef = 8587B8B21DB485430078161A /* MovieBriefCollectionViewCell.xib */; };
		85AA65741DB355FC00A12A28 /* MovieListViewController.swift in Sources */ = {isa = PBXBuildFile; fileRef = 85AA65721DB355FC00A12A28 /* MovieListViewController.swift */; };
		85AA65751DB355FC00A12A28 /* MovieListViewController.xib in Resources */ = {isa = PBXBuildFile; fileRef = 85AA65731DB355FC00A12A28 /* MovieListViewController.xib */; };
		85AA65781DB35C9700A12A28 /* MovieBriefTableViewCell.swift in Sources */ = {isa = PBXBuildFile; fileRef = 85AA65761DB35C9600A12A28 /* MovieBriefTableViewCell.swift */; };
		85AA65791DB35C9700A12A28 /* MovieBriefTableViewCell.xib in Resources */ = {isa = PBXBuildFile; fileRef = 85AA65771DB35C9600A12A28 /* MovieBriefTableViewCell.xib */; };
		85AA65801DB370DB00A12A28 /* MovieDetailsViewController.swift in Sources */ = {isa = PBXBuildFile; fileRef = 85AA657E1DB370DB00A12A28 /* MovieDetailsViewController.swift */; };
		85AA65811DB370DB00A12A28 /* MovieDetailsViewController.xib in Resources */ = {isa = PBXBuildFile; fileRef = 85AA657F1DB370DB00A12A28 /* MovieDetailsViewController.xib */; };
		85E650D81DAE1D1700B741B5 /* AppDelegate.swift in Sources */ = {isa = PBXBuildFile; fileRef = 85E650D71DAE1D1700B741B5 /* AppDelegate.swift */; };
		85E650DD1DAE1D1700B741B5 /* Main.storyboard in Resources */ = {isa = PBXBuildFile; fileRef = 85E650DB1DAE1D1700B741B5 /* Main.storyboard */; };
		85E650DF1DAE1D1700B741B5 /* Assets.xcassets in Resources */ = {isa = PBXBuildFile; fileRef = 85E650DE1DAE1D1700B741B5 /* Assets.xcassets */; };
		85E650E21DAE1D1700B741B5 /* LaunchScreen.storyboard in Resources */ = {isa = PBXBuildFile; fileRef = 85E650E01DAE1D1700B741B5 /* LaunchScreen.storyboard */; };
/* End PBXBuildFile section */

/* Begin PBXFileReference section */
		764C3CA995BFD061949BC2A0 /* Pods-Flicks.release.xcconfig */ = {isa = PBXFileReference; includeInIndex = 1; lastKnownFileType = text.xcconfig; name = "Pods-Flicks.release.xcconfig"; path = "Pods/Target Support Files/Pods-Flicks/Pods-Flicks.release.xcconfig"; sourceTree = "<group>"; };
		8587B8B11DB485430078161A /* MovieBriefCollectionViewCell.swift */ = {isa = PBXFileReference; fileEncoding = 4; lastKnownFileType = sourcecode.swift; path = MovieBriefCollectionViewCell.swift; sourceTree = "<group>"; };
		8587B8B21DB485430078161A /* MovieBriefCollectionViewCell.xib */ = {isa = PBXFileReference; fileEncoding = 4; lastKnownFileType = file.xib; path = MovieBriefCollectionViewCell.xib; sourceTree = "<group>"; };
		85AA65721DB355FC00A12A28 /* MovieListViewController.swift */ = {isa = PBXFileReference; fileEncoding = 4; lastKnownFileType = sourcecode.swift; path = MovieListViewController.swift; sourceTree = "<group>"; };
		85AA65731DB355FC00A12A28 /* MovieListViewController.xib */ = {isa = PBXFileReference; fileEncoding = 4; lastKnownFileType = file.xib; path = MovieListViewController.xib; sourceTree = "<group>"; };
		85AA65761DB35C9600A12A28 /* MovieBriefTableViewCell.swift */ = {isa = PBXFileReference; fileEncoding = 4; lastKnownFileType = sourcecode.swift; path = MovieBriefTableViewCell.swift; sourceTree = "<group>"; };
		85AA65771DB35C9600A12A28 /* MovieBriefTableViewCell.xib */ = {isa = PBXFileReference; fileEncoding = 4; lastKnownFileType = file.xib; path = MovieBriefTableViewCell.xib; sourceTree = "<group>"; };
		85AA657E1DB370DB00A12A28 /* MovieDetailsViewController.swift */ = {isa = PBXFileReference; fileEncoding = 4; lastKnownFileType = sourcecode.swift; path = MovieDetailsViewController.swift; sourceTree = "<group>"; };
		85AA657F1DB370DB00A12A28 /* MovieDetailsViewController.xib */ = {isa = PBXFileReference; fileEncoding = 4; lastKnownFileType = file.xib; path = MovieDetailsViewController.xib; sourceTree = "<group>"; };
		85E650D41DAE1D1700B741B5 /* Flicks.app */ = {isa = PBXFileReference; explicitFileType = wrapper.application; includeInIndex = 0; path = Flicks.app; sourceTree = BUILT_PRODUCTS_DIR; };
		85E650D71DAE1D1700B741B5 /* AppDelegate.swift */ = {isa = PBXFileReference; lastKnownFileType = sourcecode.swift; path = AppDelegate.swift; sourceTree = "<group>"; };
		85E650DC1DAE1D1700B741B5 /* Base */ = {isa = PBXFileReference; lastKnownFileType = file.storyboard; name = Base; path = Base.lproj/Main.storyboard; sourceTree = "<group>"; };
		85E650DE1DAE1D1700B741B5 /* Assets.xcassets */ = {isa = PBXFileReference; lastKnownFileType = folder.assetcatalog; path = Assets.xcassets; sourceTree = "<group>"; };
		85E650E11DAE1D1700B741B5 /* Base */ = {isa = PBXFileReference; lastKnownFileType = file.storyboard; name = Base; path = Base.lproj/LaunchScreen.storyboard; sourceTree = "<group>"; };
		85E650E31DAE1D1700B741B5 /* Info.plist */ = {isa = PBXFileReference; lastKnownFileType = text.plist.xml; path = Info.plist; sourceTree = "<group>"; };
		E87A5D47E3397933E2316FDC /* Pods_Flicks.framework */ = {isa = PBXFileReference; explicitFileType = wrapper.framework; includeInIndex = 0; path = Pods_Flicks.framework; sourceTree = BUILT_PRODUCTS_DIR; };
		E9BFC858559ABB98E5B5C998 /* Pods-Flicks.debug.xcconfig */ = {isa = PBXFileReference; includeInIndex = 1; lastKnownFileType = text.xcconfig; name = "Pods-Flicks.debug.xcconfig"; path = "Pods/Target Support Files/Pods-Flicks/Pods-Flicks.debug.xcconfig"; sourceTree = "<group>"; };
/* End PBXFileReference section */

/* Begin PBXFrameworksBuildPhase section */
		85E650D11DAE1D1700B741B5 /* Frameworks */ = {
			isa = PBXFrameworksBuildPhase;
			buildActionMask = 2147483647;
			files = (
				6FF2434A212EC0759598A0D6 /* Pods_Flicks.framework in Frameworks */,
			);
			runOnlyForDeploymentPostprocessing = 0;
		};
/* End PBXFrameworksBuildPhase section */

/* Begin PBXGroup section */
		112CCEC31D0FCA4127A4B0F7 /* Frameworks */ = {
			isa = PBXGroup;
			children = (
				E87A5D47E3397933E2316FDC /* Pods_Flicks.framework */,
			);
			name = Frameworks;
			sourceTree = "<group>";
		};
		73BFCDF12359886EC02E3047 /* Pods */ = {
			isa = PBXGroup;
			children = (
				E9BFC858559ABB98E5B5C998 /* Pods-Flicks.debug.xcconfig */,
				764C3CA995BFD061949BC2A0 /* Pods-Flicks.release.xcconfig */,
			);
			name = Pods;
			sourceTree = "<group>";
		};
		85E650CB1DAE1D1700B741B5 = {
			isa = PBXGroup;
			children = (
				85E650D61DAE1D1700B741B5 /* Flicks */,
				85E650D51DAE1D1700B741B5 /* Products */,
				73BFCDF12359886EC02E3047 /* Pods */,
				112CCEC31D0FCA4127A4B0F7 /* Frameworks */,
			);
			sourceTree = "<group>";
		};
		85E650D51DAE1D1700B741B5 /* Products */ = {
			isa = PBXGroup;
			children = (
				85E650D41DAE1D1700B741B5 /* Flicks.app */,
			);
			name = Products;
			sourceTree = "<group>";
		};
		85E650D61DAE1D1700B741B5 /* Flicks */ = {
			isa = PBXGroup;
			children = (
				85E650D71DAE1D1700B741B5 /* AppDelegate.swift */,
				85E650DB1DAE1D1700B741B5 /* Main.storyboard */,
				85E650DE1DAE1D1700B741B5 /* Assets.xcassets */,
				85E650E01DAE1D1700B741B5 /* LaunchScreen.storyboard */,
				85E650E31DAE1D1700B741B5 /* Info.plist */,
				85AA65721DB355FC00A12A28 /* MovieListViewController.swift */,
				85AA65731DB355FC00A12A28 /* MovieListViewController.xib */,
				85AA65761DB35C9600A12A28 /* MovieBriefTableViewCell.swift */,
				85AA65771DB35C9600A12A28 /* MovieBriefTableViewCell.xib */,
				85AA657E1DB370DB00A12A28 /* MovieDetailsViewController.swift */,
				85AA657F1DB370DB00A12A28 /* MovieDetailsViewController.xib */,
				8587B8B11DB485430078161A /* MovieBriefCollectionViewCell.swift */,
				8587B8B21DB485430078161A /* MovieBriefCollectionViewCell.xib */,
			);
			path = Flicks;
			sourceTree = "<group>";
		};
/* End PBXGroup section */

/* Begin PBXNativeTarget section */
		85E650D31DAE1D1700B741B5 /* Flicks */ = {
			isa = PBXNativeTarget;
			buildConfigurationList = 85E650E61DAE1D1700B741B5 /* Build configuration list for PBXNativeTarget "Flicks" */;
			buildPhases = (
				58E87D68F2ECF4226C54A4E2 /* [CP] Check Pods Manifest.lock */,
				85E650D01DAE1D1700B741B5 /* Sources */,
				85E650D11DAE1D1700B741B5 /* Frameworks */,
				85E650D21DAE1D1700B741B5 /* Resources */,
				4315F84ADD5D977DC3B9B7C4 /* [CP] Embed Pods Frameworks */,
				E7096732445BBD413A44C1C6 /* [CP] Copy Pods Resources */,
			);
			buildRules = (
			);
			dependencies = (
			);
			name = Flicks;
			productName = Flicks;
			productReference = 85E650D41DAE1D1700B741B5 /* Flicks.app */;
			productType = "com.apple.product-type.application";
		};
/* End PBXNativeTarget section */

/* Begin PBXProject section */
		85E650CC1DAE1D1700B741B5 /* Project object */ = {
			isa = PBXProject;
			attributes = {
				LastSwiftUpdateCheck = 0800;
				LastUpgradeCheck = 0800;
				ORGANIZATIONNAME = myPersonalProjects;
				TargetAttributes = {
					85E650D31DAE1D1700B741B5 = {
						CreatedOnToolsVersion = 8.0;
						ProvisioningStyle = Automatic;
					};
				};
			};
			buildConfigurationList = 85E650CF1DAE1D1700B741B5 /* Build configuration list for PBXProject "Flicks" */;
			compatibilityVersion = "Xcode 3.2";
			developmentRegion = English;
			hasScannedForEncodings = 0;
			knownRegions = (
				en,
				Base,
			);
			mainGroup = 85E650CB1DAE1D1700B741B5;
			productRefGroup = 85E650D51DAE1D1700B741B5 /* Products */;
			projectDirPath = "";
			projectRoot = "";
			targets = (
				85E650D31DAE1D1700B741B5 /* Flicks */,
			);
		};
/* End PBXProject section */

/* Begin PBXResourcesBuildPhase section */
		85E650D21DAE1D1700B741B5 /* Resources */ = {
			isa = PBXResourcesBuildPhase;
			buildActionMask = 2147483647;
			files = (
				85E650E21DAE1D1700B741B5 /* LaunchScreen.storyboard in Resources */,
				8587B8B41DB485430078161A /* MovieBriefCollectionViewCell.xib in Resources */,
				85E650DF1DAE1D1700B741B5 /* Assets.xcassets in Resources */,
				85AA65791DB35C9700A12A28 /* MovieBriefTableViewCell.xib in Resources */,
				85E650DD1DAE1D1700B741B5 /* Main.storyboard in Resources */,
				85AA65811DB370DB00A12A28 /* MovieDetailsViewController.xib in Resources */,
				85AA65751DB355FC00A12A28 /* MovieListViewController.xib in Resources */,
			);
			runOnlyForDeploymentPostprocessing = 0;
		};
/* End PBXResourcesBuildPhase section */

/* Begin PBXShellScriptBuildPhase section */
		4315F84ADD5D977DC3B9B7C4 /* [CP] Embed Pods Frameworks */ = {
			isa = PBXShellScriptBuildPhase;
			buildActionMask = 2147483647;
			files = (
			);
			inputPaths = (
			);
			name = "[CP] Embed Pods Frameworks";
			outputPaths = (
			);
			runOnlyForDeploymentPostprocessing = 0;
			shellPath = /bin/sh;
			shellScript = "\"${SRCROOT}/Pods/Target Support Files/Pods-Flicks/Pods-Flicks-frameworks.sh\"\n";
			showEnvVarsInLog = 0;
		};
		58E87D68F2ECF4226C54A4E2 /* [CP] Check Pods Manifest.lock */ = {
			isa = PBXShellScriptBuildPhase;
			buildActionMask = 2147483647;
			files = (
			);
			inputPaths = (
			);
			name = "[CP] Check Pods Manifest.lock";
			outputPaths = (
			);
			runOnlyForDeploymentPostprocessing = 0;
			shellPath = /bin/sh;
			shellScript = "diff \"${PODS_ROOT}/../Podfile.lock\" \"${PODS_ROOT}/Manifest.lock\" > /dev/null\nif [[ $? != 0 ]] ; then\n    cat << EOM\nerror: The sandbox is not in sync with the Podfile.lock. Run 'pod install' or update your CocoaPods installation.\nEOM\n    exit 1\nfi\n";
			showEnvVarsInLog = 0;
		};
		E7096732445BBD413A44C1C6 /* [CP] Copy Pods Resources */ = {
			isa = PBXShellScriptBuildPhase;
			buildActionMask = 2147483647;
			files = (
			);
			inputPaths = (
			);
			name = "[CP] Copy Pods Resources";
			outputPaths = (
			);
			runOnlyForDeploymentPostprocessing = 0;
			shellPath = /bin/sh;
			shellScript = "\"${SRCROOT}/Pods/Target Support Files/Pods-Flicks/Pods-Flicks-resources.sh\"\n";
			showEnvVarsInLog = 0;
		};
/* End PBXShellScriptBuildPhase section */

/* Begin PBXSourcesBuildPhase section */
		85E650D01DAE1D1700B741B5 /* Sources */ = {
			isa = PBXSourcesBuildPhase;
			buildActionMask = 2147483647;
			files = (
				8587B8B31DB485430078161A /* MovieBriefCollectionViewCell.swift in Sources */,
				85AA65801DB370DB00A12A28 /* MovieDetailsViewController.swift in Sources */,
				85E650D81DAE1D1700B741B5 /* AppDelegate.swift in Sources */,
				85AA65781DB35C9700A12A28 /* MovieBriefTableViewCell.swift in Sources */,
				85AA65741DB355FC00A12A28 /* MovieListViewController.swift in Sources */,
			);
			runOnlyForDeploymentPostprocessing = 0;
		};
/* End PBXSourcesBuildPhase section */

/* Begin PBXVariantGroup section */
		85E650DB1DAE1D1700B741B5 /* Main.storyboard */ = {
			isa = PBXVariantGroup;
			children = (
				85E650DC1DAE1D1700B741B5 /* Base */,
			);
			name = Main.storyboard;
			sourceTree = "<group>";
		};
		85E650E01DAE1D1700B741B5 /* LaunchScreen.storyboard */ = {
			isa = PBXVariantGroup;
			children = (
				85E650E11DAE1D1700B741B5 /* Base */,
			);
			name = LaunchScreen.storyboard;
			sourceTree = "<group>";
		};
/* End PBXVariantGroup section */

/* Begin XCBuildConfiguration section */
		85E650E41DAE1D1700B741B5 /* Debug */ = {
			isa = XCBuildConfiguration;
			buildSettings = {
				ALWAYS_SEARCH_USER_PATHS = NO;
				CLANG_ANALYZER_NONNULL = YES;
				CLANG_CXX_LANGUAGE_STANDARD = "gnu++0x";
				CLANG_CXX_LIBRARY = "libc++";
				CLANG_ENABLE_MODULES = YES;
				CLANG_ENABLE_OBJC_ARC = YES;
				CLANG_WARN_BOOL_CONVERSION = YES;
				CLANG_WARN_CONSTANT_CONVERSION = YES;
				CLANG_WARN_DIRECT_OBJC_ISA_USAGE = YES_ERROR;
				CLANG_WARN_DOCUMENTATION_COMMENTS = YES;
				CLANG_WARN_EMPTY_BODY = YES;
				CLANG_WARN_ENUM_CONVERSION = YES;
				CLANG_WARN_INFINITE_RECURSION = YES;
				CLANG_WARN_INT_CONVERSION = YES;
				CLANG_WARN_OBJC_ROOT_CLASS = YES_ERROR;
				CLANG_WARN_SUSPICIOUS_MOVE = YES;
				CLANG_WARN_SUSPICIOUS_MOVES = YES;
				CLANG_WARN_UNREACHABLE_CODE = YES;
				CLANG_WARN__DUPLICATE_METHOD_MATCH = YES;
				"CODE_SIGN_IDENTITY[sdk=iphoneos*]" = "iPhone Developer";
				COPY_PHASE_STRIP = NO;
				DEBUG_INFORMATION_FORMAT = dwarf;
				ENABLE_STRICT_OBJC_MSGSEND = YES;
				ENABLE_TESTABILITY = YES;
				GCC_C_LANGUAGE_STANDARD = gnu99;
				GCC_DYNAMIC_NO_PIC = NO;
				GCC_NO_COMMON_BLOCKS = YES;
				GCC_OPTIMIZATION_LEVEL = 0;
				GCC_PREPROCESSOR_DEFINITIONS = (
					"DEBUG=1",
					"$(inherited)",
				);
				GCC_WARN_64_TO_32_BIT_CONVERSION = YES;
				GCC_WARN_ABOUT_RETURN_TYPE = YES_ERROR;
				GCC_WARN_UNDECLARED_SELECTOR = YES;
				GCC_WARN_UNINITIALIZED_AUTOS = YES_AGGRESSIVE;
				GCC_WARN_UNUSED_FUNCTION = YES;
				GCC_WARN_UNUSED_VARIABLE = YES;
				IPHONEOS_DEPLOYMENT_TARGET = 10.0;
				MTL_ENABLE_DEBUG_INFO = YES;
				ONLY_ACTIVE_ARCH = YES;
				SDKROOT = iphoneos;
				SWIFT_ACTIVE_COMPILATION_CONDITIONS = DEBUG;
				SWIFT_OPTIMIZATION_LEVEL = "-Onone";
				TARGETED_DEVICE_FAMILY = "1,2";
			};
			name = Debug;
		};
		85E650E51DAE1D1700B741B5 /* Release */ = {
			isa = XCBuildConfiguration;
			buildSettings = {
				ALWAYS_SEARCH_USER_PATHS = NO;
				CLANG_ANALYZER_NONNULL = YES;
				CLANG_CXX_LANGUAGE_STANDARD = "gnu++0x";
				CLANG_CXX_LIBRARY = "libc++";
				CLANG_ENABLE_MODULES = YES;
				CLANG_ENABLE_OBJC_ARC = YES;
				CLANG_WARN_BOOL_CONVERSION = YES;
				CLANG_WARN_CONSTANT_CONVERSION = YES;
				CLANG_WARN_DIRECT_OBJC_ISA_USAGE = YES_ERROR;
				CLANG_WARN_DOCUMENTATION_COMMENTS = YES;
				CLANG_WARN_EMPTY_BODY = YES;
				CLANG_WARN_ENUM_CONVERSION = YES;
				CLANG_WARN_INFINITE_RECURSION = YES;
				CLANG_WARN_INT_CONVERSION = YES;
				CLANG_WARN_OBJC_ROOT_CLASS = YES_ERROR;
				CLANG_WARN_SUSPICIOUS_MOVE = YES;
				CLANG_WARN_SUSPICIOUS_MOVES = YES;
				CLANG_WARN_UNREACHABLE_CODE = YES;
				CLANG_WARN__DUPLICATE_METHOD_MATCH = YES;
				"CODE_SIGN_IDENTITY[sdk=iphoneos*]" = "iPhone Developer";
				COPY_PHASE_STRIP = NO;
				DEBUG_INFORMATION_FORMAT = "dwarf-with-dsym";
				ENABLE_NS_ASSERTIONS = NO;
				ENABLE_STRICT_OBJC_MSGSEND = YES;
				GCC_C_LANGUAGE_STANDARD = gnu99;
				GCC_NO_COMMON_BLOCKS = YES;
				GCC_WARN_64_TO_32_BIT_CONVERSION = YES;
				GCC_WARN_ABOUT_RETURN_TYPE = YES_ERROR;
				GCC_WARN_UNDECLARED_SELECTOR = YES;
				GCC_WARN_UNINITIALIZED_AUTOS = YES_AGGRESSIVE;
				GCC_WARN_UNUSED_FUNCTION = YES;
				GCC_WARN_UNUSED_VARIABLE = YES;
				IPHONEOS_DEPLOYMENT_TARGET = 10.0;
				MTL_ENABLE_DEBUG_INFO = NO;
				SDKROOT = iphoneos;
				SWIFT_OPTIMIZATION_LEVEL = "-Owholemodule";
				TARGETED_DEVICE_FAMILY = "1,2";
				VALIDATE_PRODUCT = YES;
			};
			name = Release;
		};
		85E650E71DAE1D1700B741B5 /* Debug */ = {
			isa = XCBuildConfiguration;
			baseConfigurationReference = E9BFC858559ABB98E5B5C998 /* Pods-Flicks.debug.xcconfig */;
			buildSettings = {
				ASSETCATALOG_COMPILER_APPICON_NAME = AppIcon;
				INFOPLIST_FILE = Flicks/Info.plist;
				LD_RUNPATH_SEARCH_PATHS = "$(inherited) @executable_path/Frameworks";
				PRODUCT_BUNDLE_IDENTIFIER = com.KaileD.Flicks;
				PRODUCT_NAME = "$(TARGET_NAME)";
				SWIFT_VERSION = 3.0;
			};
			name = Debug;
		};
		85E650E81DAE1D1700B741B5 /* Release */ = {
			isa = XCBuildConfiguration;
			baseConfigurationReference = 764C3CA995BFD061949BC2A0 /* Pods-Flicks.release.xcconfig */;
			buildSettings = {
				ASSETCATALOG_COMPILER_APPICON_NAME = AppIcon;
				INFOPLIST_FILE = Flicks/Info.plist;
				LD_RUNPATH_SEARCH_PATHS = "$(inherited) @executable_path/Frameworks";
				PRODUCT_BUNDLE_IDENTIFIER = com.KaileD.Flicks;
				PRODUCT_NAME = "$(TARGET_NAME)";
				SWIFT_VERSION = 3.0;
			};
			name = Release;
		};
/* End XCBuildConfiguration section */

/* Begin XCConfigurationList section */
		85E650CF1DAE1D1700B741B5 /* Build configuration list for PBXProject "Flicks" */ = {
			isa = XCConfigurationList;
			buildConfigurations = (
				85E650E41DAE1D1700B741B5 /* Debug */,
				85E650E51DAE1D1700B741B5 /* Release */,
			);
			defaultConfigurationIsVisible = 0;
			defaultConfigurationName = Release;
		};
		85E650E61DAE1D1700B741B5 /* Build configuration list for PBXNativeTarget "Flicks" */ = {
			isa = XCConfigurationList;
			buildConfigurations = (
				85E650E71DAE1D1700B741B5 /* Debug */,
				85E650E81DAE1D1700B741B5 /* Release */,
			);
			defaultConfigurationIsVisible = 0;
			defaultConfigurationName = Release;
		};
/* End XCConfigurationList section */
	};
	rootObject = 85E650CC1DAE1D1700B741B5 /* Project object */;
}
